// !$*UTF8*$!
{
	archiveVersion = 1;
	classes = {
	};
	objectVersion = 46;
	objects = {

/* Begin PBXBuildFile section */
		12A0E06E1BA36CBA0092C1F4 /* AppDelegate.swift in Sources */ = {isa = PBXBuildFile; fileRef = 12A0E06D1BA36CBA0092C1F4 /* AppDelegate.swift */; };
		12A0E0701BA36CBA0092C1F4 /* ViewController.swift in Sources */ = {isa = PBXBuildFile; fileRef = 12A0E06F1BA36CBA0092C1F4 /* ViewController.swift */; };
		12A0E0731BA36CBB0092C1F4 /* Main.storyboard in Resources */ = {isa = PBXBuildFile; fileRef = 12A0E0711BA36CBB0092C1F4 /* Main.storyboard */; };
		12A0E0751BA36CBB0092C1F4 /* Images.xcassets in Resources */ = {isa = PBXBuildFile; fileRef = 12A0E0741BA36CBB0092C1F4 /* Images.xcassets */; };
		12A0E0781BA36CBB0092C1F4 /* LaunchScreen.xib in Resources */ = {isa = PBXBuildFile; fileRef = 12A0E0761BA36CBB0092C1F4 /* LaunchScreen.xib */; };
		12A0E0841BA36CBB0092C1F4 /* ToDoListTests.swift in Sources */ = {isa = PBXBuildFile; fileRef = 12A0E0831BA36CBB0092C1F4 /* ToDoListTests.swift */; };
/* End PBXBuildFile section */

/* Begin PBXContainerItemProxy section */
		12A0E07E1BA36CBB0092C1F4 /* PBXContainerItemProxy */ = {
			isa = PBXContainerItemProxy;
			containerPortal = 12A0E0601BA36CBA0092C1F4 /* Project object */;
			proxyType = 1;
			remoteGlobalIDString = 12A0E0671BA36CBA0092C1F4;
			remoteInfo = ToDoList;
		};
/* End PBXContainerItemProxy section */

/* Begin PBXFileReference section */
		12A0E0681BA36CBA0092C1F4 /* ToDoList.app */ = {isa = PBXFileReference; explicitFileType = wrapper.application; includeInIndex = 0; path = ToDoList.app; sourceTree = BUILT_PRODUCTS_DIR; };
		12A0E06C1BA36CBA0092C1F4 /* Info.plist */ = {isa = PBXFileReference; lastKnownFileType = text.plist.xml; path = Info.plist; sourceTree = "<group>"; };
		12A0E06D1BA36CBA0092C1F4 /* AppDelegate.swift */ = {isa = PBXFileReference; lastKnownFileType = sourcecode.swift; path = AppDelegate.swift; sourceTree = "<group>"; };
		12A0E06F1BA36CBA0092C1F4 /* ViewController.swift */ = {isa = PBXFileReference; lastKnownFileType = sourcecode.swift; path = ViewController.swift; sourceTree = "<group>"; };
		12A0E0721BA36CBB0092C1F4 /* Base */ = {isa = PBXFileReference; lastKnownFileType = file.storyboard; name = Base; path = Base.lproj/Main.storyboard; sourceTree = "<group>"; };
		12A0E0741BA36CBB0092C1F4 /* Images.xcassets */ = {isa = PBXFileReference; lastKnownFileType = folder.assetcatalog; path = Images.xcassets; sourceTree = "<group>"; };
		12A0E0771BA36CBB0092C1F4 /* Base */ = {isa = PBXFileReference; lastKnownFileType = file.xib; name = Base; path = Base.lproj/LaunchScreen.xib; sourceTree = "<group>"; };
		12A0E07D1BA36CBB0092C1F4 /* ToDoListTests.xctest */ = {isa = PBXFileReference; explicitFileType = wrapper.cfbundle; includeInIndex = 0; path = ToDoListTests.xctest; sourceTree = BUILT_PRODUCTS_DIR; };
		12A0E0821BA36CBB0092C1F4 /* Info.plist */ = {isa = PBXFileReference; lastKnownFileType = text.plist.xml; path = Info.plist; sourceTree = "<group>"; };
		12A0E0831BA36CBB0092C1F4 /* ToDoListTests.swift */ = {isa = PBXFileReference; lastKnownFileType = sourcecode.swift; path = ToDoListTests.swift; sourceTree = "<group>"; };
/* End PBXFileReference section */

/* Begin PBXFrameworksBuildPhase section */
		12A0E0651BA36CBA0092C1F4 /* Frameworks */ = {
			isa = PBXFrameworksBuildPhase;
			buildActionMask = 2147483647;
			files = (
			);
			runOnlyForDeploymentPostprocessing = 0;
		};
		12A0E07A1BA36CBB0092C1F4 /* Frameworks */ = {
			isa = PBXFrameworksBuildPhase;
			buildActionMask = 2147483647;
			files = (
			);
			runOnlyForDeploymentPostprocessing = 0;
		};
/* End PBXFrameworksBuildPhase section */

/* Begin PBXGroup section */
		12A0E05F1BA36CBA0092C1F4 = {
			isa = PBXGroup;
			children = (
				12A0E06A1BA36CBA0092C1F4 /* ToDoList */,
				12A0E0801BA36CBB0092C1F4 /* ToDoListTests */,
				12A0E0691BA36CBA0092C1F4 /* Products */,
			);
			sourceTree = "<group>";
		};
		12A0E0691BA36CBA0092C1F4 /* Products */ = {
			isa = PBXGroup;
			children = (
				12A0E0681BA36CBA0092C1F4 /* ToDoList.app */,
				12A0E07D1BA36CBB0092C1F4 /* ToDoListTests.xctest */,
			);
			name = Products;
			sourceTree = "<group>";
		};
		12A0E06A1BA36CBA0092C1F4 /* ToDoList */ = {
			isa = PBXGroup;
			children = (
				12A0E06D1BA36CBA0092C1F4 /* AppDelegate.swift */,
				12A0E06F1BA36CBA0092C1F4 /* ViewController.swift */,
				12A0E0711BA36CBB0092C1F4 /* Main.storyboard */,
				12A0E0741BA36CBB0092C1F4 /* Images.xcassets */,
				12A0E0761BA36CBB0092C1F4 /* LaunchScreen.xib */,
				12A0E06B1BA36CBA0092C1F4 /* Supporting Files */,
			);
			path = ToDoList;
			sourceTree = "<group>";
		};
		12A0E06B1BA36CBA0092C1F4 /* Supporting Files */ = {
			isa = PBXGroup;
			children = (
				12A0E06C1BA36CBA0092C1F4 /* Info.plist */,
			);
			name = "Supporting Files";
			sourceTree = "<group>";
		};
		12A0E0801BA36CBB0092C1F4 /* ToDoListTests */ = {
			isa = PBXGroup;
			children = (
				12A0E0831BA36CBB0092C1F4 /* ToDoListTests.swift */,
				12A0E0811BA36CBB0092C1F4 /* Supporting Files */,
			);
			path = ToDoListTests;
			sourceTree = "<group>";
		};
		12A0E0811BA36CBB0092C1F4 /* Supporting Files */ = {
			isa = PBXGroup;
			children = (
				12A0E0821BA36CBB0092C1F4 /* Info.plist */,
			);
			name = "Supporting Files";
			sourceTree = "<group>";
		};
/* End PBXGroup section */

/* Begin PBXNativeTarget section */
		12A0E0671BA36CBA0092C1F4 /* ToDoList */ = {
			isa = PBXNativeTarget;
			buildConfigurationList = 12A0E0871BA36CBB0092C1F4 /* Build configuration list for PBXNativeTarget "ToDoList" */;
			buildPhases = (
				12A0E0641BA36CBA0092C1F4 /* Sources */,
				12A0E0651BA36CBA0092C1F4 /* Frameworks */,
				12A0E0661BA36CBA0092C1F4 /* Resources */,
			);
			buildRules = (
			);
			dependencies = (
			);
			name = ToDoList;
			productName = ToDoList;
			productReference = 12A0E0681BA36CBA0092C1F4 /* ToDoList.app */;
			productType = "com.apple.product-type.application";
		};
		12A0E07C1BA36CBB0092C1F4 /* ToDoListTests */ = {
			isa = PBXNativeTarget;
			buildConfigurationList = 12A0E08A1BA36CBB0092C1F4 /* Build configuration list for PBXNativeTarget "ToDoListTests" */;
			buildPhases = (
				12A0E0791BA36CBB0092C1F4 /* Sources */,
				12A0E07A1BA36CBB0092C1F4 /* Frameworks */,
				12A0E07B1BA36CBB0092C1F4 /* Resources */,
			);
			buildRules = (
			);
			dependencies = (
				12A0E07F1BA36CBB0092C1F4 /* PBXTargetDependency */,
			);
			name = ToDoListTests;
			productName = ToDoListTests;
			productReference = 12A0E07D1BA36CBB0092C1F4 /* ToDoListTests.xctest */;
			productType = "com.apple.product-type.bundle.unit-test";
		};
/* End PBXNativeTarget section */

/* Begin PBXProject section */
		12A0E0601BA36CBA0092C1F4 /* Project object */ = {
			isa = PBXProject;
			attributes = {
				LastUpgradeCheck = 0630;
				ORGANIZATIONNAME = "Daniel Meyer";
				TargetAttributes = {
					12A0E0671BA36CBA0092C1F4 = {
						CreatedOnToolsVersion = 6.3.2;
					};
					12A0E07C1BA36CBB0092C1F4 = {
						CreatedOnToolsVersion = 6.3.2;
						TestTargetID = 12A0E0671BA36CBA0092C1F4;
					};
				};
			};
			buildConfigurationList = 12A0E0631BA36CBA0092C1F4 /* Build configuration list for PBXProject "ToDoList" */;
			compatibilityVersion = "Xcode 3.2";
			developmentRegion = English;
			hasScannedForEncodings = 0;
			knownRegions = (
				en,
				Base,
			);
			mainGroup = 12A0E05F1BA36CBA0092C1F4;
			productRefGroup = 12A0E0691BA36CBA0092C1F4 /* Products */;
			projectDirPath = "";
			projectRoot = "";
			targets = (
				12A0E0671BA36CBA0092C1F4 /* ToDoList */,
				12A0E07C1BA36CBB0092C1F4 /* ToDoListTests */,
			);
		};
/* End PBXProject section */

/* Begin PBXResourcesBuildPhase section */
		12A0E0661BA36CBA0092C1F4 /* Resources */ = {
			isa = PBXResourcesBuildPhase;
			buildActionMask = 2147483647;
			files = (
				12A0E0731BA36CBB0092C1F4 /* Main.storyboard in Resources */,
				12A0E0781BA36CBB0092C1F4 /* LaunchScreen.xib in Resources */,
				12A0E0751BA36CBB0092C1F4 /* Images.xcassets in Resources */,
			);
			runOnlyForDeploymentPostprocessing = 0;
		};
		12A0E07B1BA36CBB0092C1F4 /* Resources */ = {
			isa = PBXResourcesBuildPhase;
			buildActionMask = 2147483647;
			files = (
			);
			runOnlyForDeploymentPostprocessing = 0;
		};
/* End PBXResourcesBuildPhase section */

/* Begin PBXSourcesBuildPhase section */
		12A0E0641BA36CBA0092C1F4 /* Sources */ = {
			isa = PBXSourcesBuildPhase;
			buildActionMask = 2147483647;
			files = (
				12A0E0701BA36CBA0092C1F4 /* ViewController.swift in Sources */,
				12A0E06E1BA36CBA0092C1F4 /* AppDelegate.swift in Sources */,
			);
			runOnlyForDeploymentPostprocessing = 0;
		};
		12A0E0791BA36CBB0092C1F4 /* Sources */ = {
			isa = PBXSourcesBuildPhase;
			buildActionMask = 2147483647;
			files = (
				12A0E0841BA36CBB0092C1F4 /* ToDoListTests.swift in Sources */,
			);
			runOnlyForDeploymentPostprocessing = 0;
		};
/* End PBXSourcesBuildPhase section */

/* Begin PBXTargetDependency section */
		12A0E07F1BA36CBB0092C1F4 /* PBXTargetDependency */ = {
			isa = PBXTargetDependency;
			target = 12A0E0671BA36CBA0092C1F4 /* ToDoList */;
			targetProxy = 12A0E07E1BA36CBB0092C1F4 /* PBXContainerItemProxy */;
		};
/* End PBXTargetDependency section */

/* Begin PBXVariantGroup section */
		12A0E0711BA36CBB0092C1F4 /* Main.storyboard */ = {
			isa = PBXVariantGroup;
			children = (
				12A0E0721BA36CBB0092C1F4 /* Base */,
			);
			name = Main.storyboard;
			sourceTree = "<group>";
		};
		12A0E0761BA36CBB0092C1F4 /* LaunchScreen.xib */ = {
			isa = PBXVariantGroup;
			children = (
				12A0E0771BA36CBB0092C1F4 /* Base */,
			);
			name = LaunchScreen.xib;
			sourceTree = "<group>";
		};
/* End PBXVariantGroup section */

/* Begin XCBuildConfiguration section */
		12A0E0851BA36CBB0092C1F4 /* Debug */ = {
			isa = XCBuildConfiguration;
			buildSettings = {
				ALWAYS_SEARCH_USER_PATHS = NO;
				CLANG_CXX_LANGUAGE_STANDARD = "gnu++0x";
				CLANG_CXX_LIBRARY = "libc++";
				CLANG_ENABLE_MODULES = YES;
				CLANG_ENABLE_OBJC_ARC = YES;
				CLANG_WARN_BOOL_CONVERSION = YES;
				CLANG_WARN_CONSTANT_CONVERSION = YES;
				CLANG_WARN_DIRECT_OBJC_ISA_USAGE = YES_ERROR;
				CLANG_WARN_EMPTY_BODY = YES;
				CLANG_WARN_ENUM_CONVERSION = YES;
				CLANG_WARN_INT_CONVERSION = YES;
				CLANG_WARN_OBJC_ROOT_CLASS = YES_ERROR;
				CLANG_WARN_UNREACHABLE_CODE = YES;
				CLANG_WARN__DUPLICATE_METHOD_MATCH = YES;
				"CODE_SIGN_IDENTITY[sdk=iphoneos*]" = "iPhone Developer";
				COPY_PHASE_STRIP = NO;
				DEBUG_INFORMATION_FORMAT = "dwarf-with-dsym";
				ENABLE_STRICT_OBJC_MSGSEND = YES;
				GCC_C_LANGUAGE_STANDARD = gnu99;
				GCC_DYNAMIC_NO_PIC = NO;
				GCC_NO_COMMON_BLOCKS = YES;
				GCC_OPTIMIZATION_LEVEL = 0;
				GCC_PREPROCESSOR_DEFINITIONS = (
					"DEBUG=1",
					"$(inherited)",
				);
				GCC_SYMBOLS_PRIVATE_EXTERN = NO;
				GCC_WARN_64_TO_32_BIT_CONVERSION = YES;
				GCC_WARN_ABOUT_RETURN_TYPE = YES_ERROR;
				GCC_WARN_UNDECLARED_SELECTOR = YES;
				GCC_WARN_UNINITIALIZED_AUTOS = YES_AGGRESSIVE;
				GCC_WARN_UNUSED_FUNCTION = YES;
				GCC_WARN_UNUSED_VARIABLE = YES;
				IPHONEOS_DEPLOYMENT_TARGET = 8.3;
				MTL_ENABLE_DEBUG_INFO = YES;
				ONLY_ACTIVE_ARCH = YES;
				SDKROOT = iphoneos;
				SWIFT_OPTIMIZATION_LEVEL = "-Onone";
				TARGETED_DEVICE_FAMILY = "1,2";
			};
			name = Debug;
		};
		12A0E0861BA36CBB0092C1F4 /* Release */ = {
			isa = XCBuildConfiguration;
			buildSettings = {
				ALWAYS_SEARCH_USER_PATHS = NO;
				CLANG_CXX_LANGUAGE_STANDARD = "gnu++0x";
				CLANG_CXX_LIBRARY = "libc++";
				CLANG_ENABLE_MODULES = YES;
				CLANG_ENABLE_OBJC_ARC = YES;
				CLANG_WARN_BOOL_CONVERSION = YES;
				CLANG_WARN_CONSTANT_CONVERSION = YES;
				CLANG_WARN_DIRECT_OBJC_ISA_USAGE = YES_ERROR;
				CLANG_WARN_EMPTY_BODY = YES;
				CLANG_WARN_ENUM_CONVERSION = YES;
				CLANG_WARN_INT_CONVERSION = YES;
				CLANG_WARN_OBJC_ROOT_CLASS = YES_ERROR;
				CLANG_WARN_UNREACHABLE_CODE = YES;
				CLANG_WARN__DUPLICATE_METHOD_MATCH = YES;
				"CODE_SIGN_IDENTITY[sdk=iphoneos*]" = "iPhone Developer";
				COPY_PHASE_STRIP = NO;
				DEBUG_INFORMATION_FORMAT = "dwarf-with-dsym";
				ENABLE_NS_ASSERTIONS = NO;
				ENABLE_STRICT_OBJC_MSGSEND = YES;
				GCC_C_LANGUAGE_STANDARD = gnu99;
				GCC_NO_COMMON_BLOCKS = YES;
				GCC_WARN_64_TO_32_BIT_CONVERSION = YES;
				GCC_WARN_ABOUT_RETURN_TYPE = YES_ERROR;
				GCC_WARN_UNDECLARED_SELECTOR = YES;
				GCC_WARN_UNINITIALIZED_AUTOS = YES_AGGRESSIVE;
				GCC_WARN_UNUSED_FUNCTION = YES;
				GCC_WARN_UNUSED_VARIABLE = YES;
				IPHONEOS_DEPLOYMENT_TARGET = 8.3;
				MTL_ENABLE_DEBUG_INFO = NO;
				SDKROOT = iphoneos;
				TARGETED_DEVICE_FAMILY = "1,2";
				VALIDATE_PRODUCT = YES;
			};
			name = Release;
		};
		12A0E0881BA36CBB0092C1F4 /* Debug */ = {
			isa = XCBuildConfiguration;
			buildSettings = {
				ASSETCATALOG_COMPILER_APPICON_NAME = AppIcon;
				INFOPLIST_FILE = ToDoList/Info.plist;
				LD_RUNPATH_SEARCH_PATHS = "$(inherited) @executable_path/Frameworks";
				PRODUCT_NAME = "$(TARGET_NAME)";
			};
			name = Debug;
		};
		12A0E0891BA36CBB0092C1F4 /* Release */ = {
			isa = XCBuildConfiguration;
			buildSettings = {
				ASSETCATALOG_COMPILER_APPICON_NAME = AppIcon;
				INFOPLIST_FILE = ToDoList/Info.plist;
				LD_RUNPATH_SEARCH_PATHS = "$(inherited) @executable_path/Frameworks";
				PRODUCT_NAME = "$(TARGET_NAME)";
			};
			name = Release;
		};
		12A0E08B1BA36CBB0092C1F4 /* Debug */ = {
			isa = XCBuildConfiguration;
			buildSettings = {
				BUNDLE_LOADER = "$(TEST_HOST)";
				FRAMEWORK_SEARCH_PATHS = (
					"$(SDKROOT)/Developer/Library/Frameworks",
					"$(inherited)",
				);
				GCC_PREPROCESSOR_DEFINITIONS = (
					"DEBUG=1",
					"$(inherited)",
				);
				INFOPLIST_FILE = ToDoListTests/Info.plist;
				LD_RUNPATH_SEARCH_PATHS = "$(inherited) @executable_path/Frameworks @loader_path/Frameworks";
				PRODUCT_NAME = "$(TARGET_NAME)";
				TEST_HOST = "$(BUILT_PRODUCTS_DIR)/ToDoList.app/ToDoList";
			};
			name = Debug;
		};
		12A0E08C1BA36CBB0092C1F4 /* Release */ = {
			isa = XCBuildConfiguration;
			buildSettings = {
				BUNDLE_LOADER = "$(TEST_HOST)";
				FRAMEWORK_SEARCH_PATHS = (
					"$(SDKROOT)/Developer/Library/Frameworks",
					"$(inherited)",
				);
				INFOPLIST_FILE = ToDoListTests/Info.plist;
				LD_RUNPATH_SEARCH_PATHS = "$(inherited) @executable_path/Frameworks @loader_path/Frameworks";
				PRODUCT_NAME = "$(TARGET_NAME)";
				TEST_HOST = "$(BUILT_PRODUCTS_DIR)/ToDoList.app/ToDoList";
			};
			name = Release;
		};
/* End XCBuildConfiguration section */

/* Begin XCConfigurationList section */
		12A0E0631BA36CBA0092C1F4 /* Build configuration list for PBXProject "ToDoList" */ = {
			isa = XCConfigurationList;
			buildConfigurations = (
				12A0E0851BA36CBB0092C1F4 /* Debug */,
				12A0E0861BA36CBB0092C1F4 /* Release */,
			);
			defaultConfigurationIsVisible = 0;
			defaultConfigurationName = Release;
		};
		12A0E0871BA36CBB0092C1F4 /* Build configuration list for PBXNativeTarget "ToDoList" */ = {
			isa = XCConfigurationList;
			buildConfigurations = (
				12A0E0881BA36CBB0092C1F4 /* Debug */,
				12A0E0891BA36CBB0092C1F4 /* Release */,
			);
			defaultConfigurationIsVisible = 0;
		};
		12A0E08A1BA36CBB0092C1F4 /* Build configuration list for PBXNativeTarget "ToDoListTests" */ = {
			isa = XCConfigurationList;
			buildConfigurations = (
				12A0E08B1BA36CBB0092C1F4 /* Debug */,
				12A0E08C1BA36CBB0092C1F4 /* Release */,
			);
			defaultConfigurationIsVisible = 0;
		};
/* End XCConfigurationList section */
	};
	rootObject = 12A0E0601BA36CBA0092C1F4 /* Project object */;
}
