// !$*UTF8*$!
{
	archiveVersion = 1;
	classes = {
	};
	objectVersion = 46;
	objects = {

/* Begin PBXBuildFile section */
		12351A901BDAC25800E261D9 /* AppDelegate.swift in Sources */ = {isa = PBXBuildFile; fileRef = 12351A8F1BDAC25800E261D9 /* AppDelegate.swift */; };
		12351A951BDAC25800E261D9 /* Main.storyboard in Resources */ = {isa = PBXBuildFile; fileRef = 12351A931BDAC25800E261D9 /* Main.storyboard */; };
		12351A971BDAC25800E261D9 /* Images.xcassets in Resources */ = {isa = PBXBuildFile; fileRef = 12351A961BDAC25800E261D9 /* Images.xcassets */; };
		12351A9A1BDAC25800E261D9 /* LaunchScreen.xib in Resources */ = {isa = PBXBuildFile; fileRef = 12351A981BDAC25800E261D9 /* LaunchScreen.xib */; };
		12351AA61BDAC25800E261D9 /* cs407_Lab7Tests.swift in Sources */ = {isa = PBXBuildFile; fileRef = 12351AA51BDAC25800E261D9 /* cs407_Lab7Tests.swift */; };
		12351AB01BDAC3E500E261D9 /* Name.swift in Sources */ = {isa = PBXBuildFile; fileRef = 12351AAF1BDAC3E500E261D9 /* Name.swift */; };
		12351AB21BDAC5F700E261D9 /* NamesTableViewController.swift in Sources */ = {isa = PBXBuildFile; fileRef = 12351AB11BDAC5F700E261D9 /* NamesTableViewController.swift */; };
		12351ABA1BDAC78D00E261D9 /* DisplayViewController.swift in Sources */ = {isa = PBXBuildFile; fileRef = 12351AB91BDAC78D00E261D9 /* DisplayViewController.swift */; };
/* End PBXBuildFile section */

/* Begin PBXContainerItemProxy section */
		12351AA01BDAC25800E261D9 /* PBXContainerItemProxy */ = {
			isa = PBXContainerItemProxy;
			containerPortal = 12351A821BDAC25800E261D9 /* Project object */;
			proxyType = 1;
			remoteGlobalIDString = 12351A891BDAC25800E261D9;
			remoteInfo = "cs407-Lab7";
		};
/* End PBXContainerItemProxy section */

/* Begin PBXFileReference section */
		12351A8A1BDAC25800E261D9 /* cs407-Lab7.app */ = {isa = PBXFileReference; explicitFileType = wrapper.application; includeInIndex = 0; path = "cs407-Lab7.app"; sourceTree = BUILT_PRODUCTS_DIR; };
		12351A8E1BDAC25800E261D9 /* Info.plist */ = {isa = PBXFileReference; lastKnownFileType = text.plist.xml; path = Info.plist; sourceTree = "<group>"; };
		12351A8F1BDAC25800E261D9 /* AppDelegate.swift */ = {isa = PBXFileReference; lastKnownFileType = sourcecode.swift; path = AppDelegate.swift; sourceTree = "<group>"; };
		12351A941BDAC25800E261D9 /* Base */ = {isa = PBXFileReference; lastKnownFileType = file.storyboard; name = Base; path = Base.lproj/Main.storyboard; sourceTree = "<group>"; };
		12351A961BDAC25800E261D9 /* Images.xcassets */ = {isa = PBXFileReference; lastKnownFileType = folder.assetcatalog; path = Images.xcassets; sourceTree = "<group>"; };
		12351A991BDAC25800E261D9 /* Base */ = {isa = PBXFileReference; lastKnownFileType = file.xib; name = Base; path = Base.lproj/LaunchScreen.xib; sourceTree = "<group>"; };
		12351A9F1BDAC25800E261D9 /* cs407-Lab7Tests.xctest */ = {isa = PBXFileReference; explicitFileType = wrapper.cfbundle; includeInIndex = 0; path = "cs407-Lab7Tests.xctest"; sourceTree = BUILT_PRODUCTS_DIR; };
		12351AA41BDAC25800E261D9 /* Info.plist */ = {isa = PBXFileReference; lastKnownFileType = text.plist.xml; path = Info.plist; sourceTree = "<group>"; };
		12351AA51BDAC25800E261D9 /* cs407_Lab7Tests.swift */ = {isa = PBXFileReference; lastKnownFileType = sourcecode.swift; path = cs407_Lab7Tests.swift; sourceTree = "<group>"; };
		12351AAF1BDAC3E500E261D9 /* Name.swift */ = {isa = PBXFileReference; fileEncoding = 4; lastKnownFileType = sourcecode.swift; path = Name.swift; sourceTree = "<group>"; };
		12351AB11BDAC5F700E261D9 /* NamesTableViewController.swift */ = {isa = PBXFileReference; fileEncoding = 4; lastKnownFileType = sourcecode.swift; path = NamesTableViewController.swift; sourceTree = "<group>"; };
		12351AB91BDAC78D00E261D9 /* DisplayViewController.swift */ = {isa = PBXFileReference; fileEncoding = 4; lastKnownFileType = sourcecode.swift; path = DisplayViewController.swift; sourceTree = "<group>"; };
/* End PBXFileReference section */

/* Begin PBXFrameworksBuildPhase section */
		12351A871BDAC25800E261D9 /* Frameworks */ = {
			isa = PBXFrameworksBuildPhase;
			buildActionMask = 2147483647;
			files = (
			);
			runOnlyForDeploymentPostprocessing = 0;
		};
		12351A9C1BDAC25800E261D9 /* Frameworks */ = {
			isa = PBXFrameworksBuildPhase;
			buildActionMask = 2147483647;
			files = (
			);
			runOnlyForDeploymentPostprocessing = 0;
		};
/* End PBXFrameworksBuildPhase section */

/* Begin PBXGroup section */
		12351A811BDAC25800E261D9 = {
			isa = PBXGroup;
			children = (
				12351A8C1BDAC25800E261D9 /* cs407-Lab7 */,
				12351AA21BDAC25800E261D9 /* cs407-Lab7Tests */,
				12351A8B1BDAC25800E261D9 /* Products */,
			);
			sourceTree = "<group>";
		};
		12351A8B1BDAC25800E261D9 /* Products */ = {
			isa = PBXGroup;
			children = (
				12351A8A1BDAC25800E261D9 /* cs407-Lab7.app */,
				12351A9F1BDAC25800E261D9 /* cs407-Lab7Tests.xctest */,
			);
			name = Products;
			sourceTree = "<group>";
		};
		12351A8C1BDAC25800E261D9 /* cs407-Lab7 */ = {
			isa = PBXGroup;
			children = (
				12351A8F1BDAC25800E261D9 /* AppDelegate.swift */,
				12351A931BDAC25800E261D9 /* Main.storyboard */,
				12351A961BDAC25800E261D9 /* Images.xcassets */,
				12351A981BDAC25800E261D9 /* LaunchScreen.xib */,
				12351A8D1BDAC25800E261D9 /* Supporting Files */,
				12351AAF1BDAC3E500E261D9 /* Name.swift */,
				12351AB11BDAC5F700E261D9 /* NamesTableViewController.swift */,
				12351AB91BDAC78D00E261D9 /* DisplayViewController.swift */,
			);
			path = "cs407-Lab7";
			sourceTree = "<group>";
		};
		12351A8D1BDAC25800E261D9 /* Supporting Files */ = {
			isa = PBXGroup;
			children = (
				12351A8E1BDAC25800E261D9 /* Info.plist */,
			);
			name = "Supporting Files";
			sourceTree = "<group>";
		};
		12351AA21BDAC25800E261D9 /* cs407-Lab7Tests */ = {
			isa = PBXGroup;
			children = (
				12351AA51BDAC25800E261D9 /* cs407_Lab7Tests.swift */,
				12351AA31BDAC25800E261D9 /* Supporting Files */,
			);
			path = "cs407-Lab7Tests";
			sourceTree = "<group>";
		};
		12351AA31BDAC25800E261D9 /* Supporting Files */ = {
			isa = PBXGroup;
			children = (
				12351AA41BDAC25800E261D9 /* Info.plist */,
			);
			name = "Supporting Files";
			sourceTree = "<group>";
		};
/* End PBXGroup section */

/* Begin PBXNativeTarget section */
		12351A891BDAC25800E261D9 /* cs407-Lab7 */ = {
			isa = PBXNativeTarget;
			buildConfigurationList = 12351AA91BDAC25800E261D9 /* Build configuration list for PBXNativeTarget "cs407-Lab7" */;
			buildPhases = (
				12351A861BDAC25800E261D9 /* Sources */,
				12351A871BDAC25800E261D9 /* Frameworks */,
				12351A881BDAC25800E261D9 /* Resources */,
			);
			buildRules = (
			);
			dependencies = (
			);
			name = "cs407-Lab7";
			productName = "cs407-Lab7";
			productReference = 12351A8A1BDAC25800E261D9 /* cs407-Lab7.app */;
			productType = "com.apple.product-type.application";
		};
		12351A9E1BDAC25800E261D9 /* cs407-Lab7Tests */ = {
			isa = PBXNativeTarget;
			buildConfigurationList = 12351AAC1BDAC25800E261D9 /* Build configuration list for PBXNativeTarget "cs407-Lab7Tests" */;
			buildPhases = (
				12351A9B1BDAC25800E261D9 /* Sources */,
				12351A9C1BDAC25800E261D9 /* Frameworks */,
				12351A9D1BDAC25800E261D9 /* Resources */,
			);
			buildRules = (
			);
			dependencies = (
				12351AA11BDAC25800E261D9 /* PBXTargetDependency */,
			);
			name = "cs407-Lab7Tests";
			productName = "cs407-Lab7Tests";
			productReference = 12351A9F1BDAC25800E261D9 /* cs407-Lab7Tests.xctest */;
			productType = "com.apple.product-type.bundle.unit-test";
		};
/* End PBXNativeTarget section */

/* Begin PBXProject section */
		12351A821BDAC25800E261D9 /* Project object */ = {
			isa = PBXProject;
			attributes = {
				LastUpgradeCheck = 0630;
				ORGANIZATIONNAME = "Daniel Meyer";
				TargetAttributes = {
					12351A891BDAC25800E261D9 = {
						CreatedOnToolsVersion = 6.3.2;
					};
					12351A9E1BDAC25800E261D9 = {
						CreatedOnToolsVersion = 6.3.2;
						TestTargetID = 12351A891BDAC25800E261D9;
					};
				};
			};
			buildConfigurationList = 12351A851BDAC25800E261D9 /* Build configuration list for PBXProject "cs407-Lab7" */;
			compatibilityVersion = "Xcode 3.2";
			developmentRegion = English;
			hasScannedForEncodings = 0;
			knownRegions = (
				en,
				Base,
			);
			mainGroup = 12351A811BDAC25800E261D9;
			productRefGroup = 12351A8B1BDAC25800E261D9 /* Products */;
			projectDirPath = "";
			projectRoot = "";
			targets = (
				12351A891BDAC25800E261D9 /* cs407-Lab7 */,
				12351A9E1BDAC25800E261D9 /* cs407-Lab7Tests */,
			);
		};
/* End PBXProject section */

/* Begin PBXResourcesBuildPhase section */
		12351A881BDAC25800E261D9 /* Resources */ = {
			isa = PBXResourcesBuildPhase;
			buildActionMask = 2147483647;
			files = (
				12351A951BDAC25800E261D9 /* Main.storyboard in Resources */,
				12351A9A1BDAC25800E261D9 /* LaunchScreen.xib in Resources */,
				12351A971BDAC25800E261D9 /* Images.xcassets in Resources */,
			);
			runOnlyForDeploymentPostprocessing = 0;
		};
		12351A9D1BDAC25800E261D9 /* Resources */ = {
			isa = PBXResourcesBuildPhase;
			buildActionMask = 2147483647;
			files = (
			);
			runOnlyForDeploymentPostprocessing = 0;
		};
/* End PBXResourcesBuildPhase section */

/* Begin PBXSourcesBuildPhase section */
		12351A861BDAC25800E261D9 /* Sources */ = {
			isa = PBXSourcesBuildPhase;
			buildActionMask = 2147483647;
			files = (
				12351A901BDAC25800E261D9 /* AppDelegate.swift in Sources */,
				12351AB21BDAC5F700E261D9 /* NamesTableViewController.swift in Sources */,
				12351AB01BDAC3E500E261D9 /* Name.swift in Sources */,
				12351ABA1BDAC78D00E261D9 /* DisplayViewController.swift in Sources */,
			);
			runOnlyForDeploymentPostprocessing = 0;
		};
		12351A9B1BDAC25800E261D9 /* Sources */ = {
			isa = PBXSourcesBuildPhase;
			buildActionMask = 2147483647;
			files = (
				12351AA61BDAC25800E261D9 /* cs407_Lab7Tests.swift in Sources */,
			);
			runOnlyForDeploymentPostprocessing = 0;
		};
/* End PBXSourcesBuildPhase section */

/* Begin PBXTargetDependency section */
		12351AA11BDAC25800E261D9 /* PBXTargetDependency */ = {
			isa = PBXTargetDependency;
			target = 12351A891BDAC25800E261D9 /* cs407-Lab7 */;
			targetProxy = 12351AA01BDAC25800E261D9 /* PBXContainerItemProxy */;
		};
/* End PBXTargetDependency section */

/* Begin PBXVariantGroup section */
		12351A931BDAC25800E261D9 /* Main.storyboard */ = {
			isa = PBXVariantGroup;
			children = (
				12351A941BDAC25800E261D9 /* Base */,
			);
			name = Main.storyboard;
			sourceTree = "<group>";
		};
		12351A981BDAC25800E261D9 /* LaunchScreen.xib */ = {
			isa = PBXVariantGroup;
			children = (
				12351A991BDAC25800E261D9 /* Base */,
			);
			name = LaunchScreen.xib;
			sourceTree = "<group>";
		};
/* End PBXVariantGroup section */

/* Begin XCBuildConfiguration section */
		12351AA71BDAC25800E261D9 /* Debug */ = {
			isa = XCBuildConfiguration;
			buildSettings = {
				ALWAYS_SEARCH_USER_PATHS = NO;
				CLANG_CXX_LANGUAGE_STANDARD = "gnu++0x";
				CLANG_CXX_LIBRARY = "libc++";
				CLANG_ENABLE_MODULES = YES;
				CLANG_ENABLE_OBJC_ARC = YES;
				CLANG_WARN_BOOL_CONVERSION = YES;
				CLANG_WARN_CONSTANT_CONVERSION = YES;
				CLANG_WARN_DIRECT_OBJC_ISA_USAGE = YES_ERROR;
				CLANG_WARN_EMPTY_BODY = YES;
				CLANG_WARN_ENUM_CONVERSION = YES;
				CLANG_WARN_INT_CONVERSION = YES;
				CLANG_WARN_OBJC_ROOT_CLASS = YES_ERROR;
				CLANG_WARN_UNREACHABLE_CODE = YES;
				CLANG_WARN__DUPLICATE_METHOD_MATCH = YES;
				"CODE_SIGN_IDENTITY[sdk=iphoneos*]" = "iPhone Developer";
				COPY_PHASE_STRIP = NO;
				DEBUG_INFORMATION_FORMAT = "dwarf-with-dsym";
				ENABLE_STRICT_OBJC_MSGSEND = YES;
				GCC_C_LANGUAGE_STANDARD = gnu99;
				GCC_DYNAMIC_NO_PIC = NO;
				GCC_NO_COMMON_BLOCKS = YES;
				GCC_OPTIMIZATION_LEVEL = 0;
				GCC_PREPROCESSOR_DEFINITIONS = (
					"DEBUG=1",
					"$(inherited)",
				);
				GCC_SYMBOLS_PRIVATE_EXTERN = NO;
				GCC_WARN_64_TO_32_BIT_CONVERSION = YES;
				GCC_WARN_ABOUT_RETURN_TYPE = YES_ERROR;
				GCC_WARN_UNDECLARED_SELECTOR = YES;
				GCC_WARN_UNINITIALIZED_AUTOS = YES_AGGRESSIVE;
				GCC_WARN_UNUSED_FUNCTION = YES;
				GCC_WARN_UNUSED_VARIABLE = YES;
				IPHONEOS_DEPLOYMENT_TARGET = 8.3;
				MTL_ENABLE_DEBUG_INFO = YES;
				ONLY_ACTIVE_ARCH = YES;
				SDKROOT = iphoneos;
				SWIFT_OPTIMIZATION_LEVEL = "-Onone";
			};
			name = Debug;
		};
		12351AA81BDAC25800E261D9 /* Release */ = {
			isa = XCBuildConfiguration;
			buildSettings = {
				ALWAYS_SEARCH_USER_PATHS = NO;
				CLANG_CXX_LANGUAGE_STANDARD = "gnu++0x";
				CLANG_CXX_LIBRARY = "libc++";
				CLANG_ENABLE_MODULES = YES;
				CLANG_ENABLE_OBJC_ARC = YES;
				CLANG_WARN_BOOL_CONVERSION = YES;
				CLANG_WARN_CONSTANT_CONVERSION = YES;
				CLANG_WARN_DIRECT_OBJC_ISA_USAGE = YES_ERROR;
				CLANG_WARN_EMPTY_BODY = YES;
				CLANG_WARN_ENUM_CONVERSION = YES;
				CLANG_WARN_INT_CONVERSION = YES;
				CLANG_WARN_OBJC_ROOT_CLASS = YES_ERROR;
				CLANG_WARN_UNREACHABLE_CODE = YES;
				CLANG_WARN__DUPLICATE_METHOD_MATCH = YES;
				"CODE_SIGN_IDENTITY[sdk=iphoneos*]" = "iPhone Developer";
				COPY_PHASE_STRIP = NO;
				DEBUG_INFORMATION_FORMAT = "dwarf-with-dsym";
				ENABLE_NS_ASSERTIONS = NO;
				ENABLE_STRICT_OBJC_MSGSEND = YES;
				GCC_C_LANGUAGE_STANDARD = gnu99;
				GCC_NO_COMMON_BLOCKS = YES;
				GCC_WARN_64_TO_32_BIT_CONVERSION = YES;
				GCC_WARN_ABOUT_RETURN_TYPE = YES_ERROR;
				GCC_WARN_UNDECLARED_SELECTOR = YES;
				GCC_WARN_UNINITIALIZED_AUTOS = YES_AGGRESSIVE;
				GCC_WARN_UNUSED_FUNCTION = YES;
				GCC_WARN_UNUSED_VARIABLE = YES;
				IPHONEOS_DEPLOYMENT_TARGET = 8.3;
				MTL_ENABLE_DEBUG_INFO = NO;
				SDKROOT = iphoneos;
				VALIDATE_PRODUCT = YES;
			};
			name = Release;
		};
		12351AAA1BDAC25800E261D9 /* Debug */ = {
			isa = XCBuildConfiguration;
			buildSettings = {
				ASSETCATALOG_COMPILER_APPICON_NAME = AppIcon;
				INFOPLIST_FILE = "cs407-Lab7/Info.plist";
				LD_RUNPATH_SEARCH_PATHS = "$(inherited) @executable_path/Frameworks";
				PRODUCT_NAME = "$(TARGET_NAME)";
			};
			name = Debug;
		};
		12351AAB1BDAC25800E261D9 /* Release */ = {
			isa = XCBuildConfiguration;
			buildSettings = {
				ASSETCATALOG_COMPILER_APPICON_NAME = AppIcon;
				INFOPLIST_FILE = "cs407-Lab7/Info.plist";
				LD_RUNPATH_SEARCH_PATHS = "$(inherited) @executable_path/Frameworks";
				PRODUCT_NAME = "$(TARGET_NAME)";
			};
			name = Release;
		};
		12351AAD1BDAC25800E261D9 /* Debug */ = {
			isa = XCBuildConfiguration;
			buildSettings = {
				BUNDLE_LOADER = "$(TEST_HOST)";
				FRAMEWORK_SEARCH_PATHS = (
					"$(SDKROOT)/Developer/Library/Frameworks",
					"$(inherited)",
				);
				GCC_PREPROCESSOR_DEFINITIONS = (
					"DEBUG=1",
					"$(inherited)",
				);
				INFOPLIST_FILE = "cs407-Lab7Tests/Info.plist";
				LD_RUNPATH_SEARCH_PATHS = "$(inherited) @executable_path/Frameworks @loader_path/Frameworks";
				PRODUCT_NAME = "$(TARGET_NAME)";
				TEST_HOST = "$(BUILT_PRODUCTS_DIR)/cs407-Lab7.app/cs407-Lab7";
			};
			name = Debug;
		};
		12351AAE1BDAC25800E261D9 /* Release */ = {
			isa = XCBuildConfiguration;
			buildSettings = {
				BUNDLE_LOADER = "$(TEST_HOST)";
				FRAMEWORK_SEARCH_PATHS = (
					"$(SDKROOT)/Developer/Library/Frameworks",
					"$(inherited)",
				);
				INFOPLIST_FILE = "cs407-Lab7Tests/Info.plist";
				LD_RUNPATH_SEARCH_PATHS = "$(inherited) @executable_path/Frameworks @loader_path/Frameworks";
				PRODUCT_NAME = "$(TARGET_NAME)";
				TEST_HOST = "$(BUILT_PRODUCTS_DIR)/cs407-Lab7.app/cs407-Lab7";
			};
			name = Release;
		};
/* End XCBuildConfiguration section */

/* Begin XCConfigurationList section */
		12351A851BDAC25800E261D9 /* Build configuration list for PBXProject "cs407-Lab7" */ = {
			isa = XCConfigurationList;
			buildConfigurations = (
				12351AA71BDAC25800E261D9 /* Debug */,
				12351AA81BDAC25800E261D9 /* Release */,
			);
			defaultConfigurationIsVisible = 0;
			defaultConfigurationName = Release;
		};
		12351AA91BDAC25800E261D9 /* Build configuration list for PBXNativeTarget "cs407-Lab7" */ = {
			isa = XCConfigurationList;
			buildConfigurations = (
				12351AAA1BDAC25800E261D9 /* Debug */,
				12351AAB1BDAC25800E261D9 /* Release */,
			);
			defaultConfigurationIsVisible = 0;
		};
		12351AAC1BDAC25800E261D9 /* Build configuration list for PBXNativeTarget "cs407-Lab7Tests" */ = {
			isa = XCConfigurationList;
			buildConfigurations = (
				12351AAD1BDAC25800E261D9 /* Debug */,
				12351AAE1BDAC25800E261D9 /* Release */,
			);
			defaultConfigurationIsVisible = 0;
		};
/* End XCConfigurationList section */
	};
	rootObject = 12351A821BDAC25800E261D9 /* Project object */;
}
