// !$*UTF8*$!
{
	archiveVersion = 1;
	classes = {
	};
	objectVersion = 46;
	objects = {

/* Begin PBXBuildFile section */
		12D7C9011BB5DA790034F5B0 /* AppDelegate.swift in Sources */ = {isa = PBXBuildFile; fileRef = 12D7C9001BB5DA790034F5B0 /* AppDelegate.swift */; };
		12D7C9031BB5DA790034F5B0 /* ViewController.swift in Sources */ = {isa = PBXBuildFile; fileRef = 12D7C9021BB5DA790034F5B0 /* ViewController.swift */; };
		12D7C9061BB5DA7A0034F5B0 /* Main.storyboard in Resources */ = {isa = PBXBuildFile; fileRef = 12D7C9041BB5DA7A0034F5B0 /* Main.storyboard */; };
		12D7C9081BB5DA7A0034F5B0 /* Images.xcassets in Resources */ = {isa = PBXBuildFile; fileRef = 12D7C9071BB5DA7A0034F5B0 /* Images.xcassets */; };
		12D7C90B1BB5DA7A0034F5B0 /* LaunchScreen.xib in Resources */ = {isa = PBXBuildFile; fileRef = 12D7C9091BB5DA7A0034F5B0 /* LaunchScreen.xib */; };
		12D7C9171BB5DA7A0034F5B0 /* lab3_407Tests.swift in Sources */ = {isa = PBXBuildFile; fileRef = 12D7C9161BB5DA7A0034F5B0 /* lab3_407Tests.swift */; };
/* End PBXBuildFile section */

/* Begin PBXContainerItemProxy section */
		12D7C9111BB5DA7A0034F5B0 /* PBXContainerItemProxy */ = {
			isa = PBXContainerItemProxy;
			containerPortal = 12D7C8F31BB5DA790034F5B0 /* Project object */;
			proxyType = 1;
			remoteGlobalIDString = 12D7C8FA1BB5DA790034F5B0;
			remoteInfo = "lab3-407";
		};
/* End PBXContainerItemProxy section */

/* Begin PBXFileReference section */
		12D7C8FB1BB5DA790034F5B0 /* lab3-407.app */ = {isa = PBXFileReference; explicitFileType = wrapper.application; includeInIndex = 0; path = "lab3-407.app"; sourceTree = BUILT_PRODUCTS_DIR; };
		12D7C8FF1BB5DA790034F5B0 /* Info.plist */ = {isa = PBXFileReference; lastKnownFileType = text.plist.xml; path = Info.plist; sourceTree = "<group>"; };
		12D7C9001BB5DA790034F5B0 /* AppDelegate.swift */ = {isa = PBXFileReference; lastKnownFileType = sourcecode.swift; path = AppDelegate.swift; sourceTree = "<group>"; };
		12D7C9021BB5DA790034F5B0 /* ViewController.swift */ = {isa = PBXFileReference; lastKnownFileType = sourcecode.swift; path = ViewController.swift; sourceTree = "<group>"; };
		12D7C9051BB5DA7A0034F5B0 /* Base */ = {isa = PBXFileReference; lastKnownFileType = file.storyboard; name = Base; path = Base.lproj/Main.storyboard; sourceTree = "<group>"; };
		12D7C9071BB5DA7A0034F5B0 /* Images.xcassets */ = {isa = PBXFileReference; lastKnownFileType = folder.assetcatalog; path = Images.xcassets; sourceTree = "<group>"; };
		12D7C90A1BB5DA7A0034F5B0 /* Base */ = {isa = PBXFileReference; lastKnownFileType = file.xib; name = Base; path = Base.lproj/LaunchScreen.xib; sourceTree = "<group>"; };
		12D7C9101BB5DA7A0034F5B0 /* lab3-407Tests.xctest */ = {isa = PBXFileReference; explicitFileType = wrapper.cfbundle; includeInIndex = 0; path = "lab3-407Tests.xctest"; sourceTree = BUILT_PRODUCTS_DIR; };
		12D7C9151BB5DA7A0034F5B0 /* Info.plist */ = {isa = PBXFileReference; lastKnownFileType = text.plist.xml; path = Info.plist; sourceTree = "<group>"; };
		12D7C9161BB5DA7A0034F5B0 /* lab3_407Tests.swift */ = {isa = PBXFileReference; lastKnownFileType = sourcecode.swift; path = lab3_407Tests.swift; sourceTree = "<group>"; };
/* End PBXFileReference section */

/* Begin PBXFrameworksBuildPhase section */
		12D7C8F81BB5DA790034F5B0 /* Frameworks */ = {
			isa = PBXFrameworksBuildPhase;
			buildActionMask = 2147483647;
			files = (
			);
			runOnlyForDeploymentPostprocessing = 0;
		};
		12D7C90D1BB5DA7A0034F5B0 /* Frameworks */ = {
			isa = PBXFrameworksBuildPhase;
			buildActionMask = 2147483647;
			files = (
			);
			runOnlyForDeploymentPostprocessing = 0;
		};
/* End PBXFrameworksBuildPhase section */

/* Begin PBXGroup section */
		12D7C8F21BB5DA790034F5B0 = {
			isa = PBXGroup;
			children = (
				12D7C8FD1BB5DA790034F5B0 /* lab3-407 */,
				12D7C9131BB5DA7A0034F5B0 /* lab3-407Tests */,
				12D7C8FC1BB5DA790034F5B0 /* Products */,
			);
			sourceTree = "<group>";
		};
		12D7C8FC1BB5DA790034F5B0 /* Products */ = {
			isa = PBXGroup;
			children = (
				12D7C8FB1BB5DA790034F5B0 /* lab3-407.app */,
				12D7C9101BB5DA7A0034F5B0 /* lab3-407Tests.xctest */,
			);
			name = Products;
			sourceTree = "<group>";
		};
		12D7C8FD1BB5DA790034F5B0 /* lab3-407 */ = {
			isa = PBXGroup;
			children = (
				12D7C9001BB5DA790034F5B0 /* AppDelegate.swift */,
				12D7C9021BB5DA790034F5B0 /* ViewController.swift */,
				12D7C9041BB5DA7A0034F5B0 /* Main.storyboard */,
				12D7C9071BB5DA7A0034F5B0 /* Images.xcassets */,
				12D7C9091BB5DA7A0034F5B0 /* LaunchScreen.xib */,
				12D7C8FE1BB5DA790034F5B0 /* Supporting Files */,
			);
			path = "lab3-407";
			sourceTree = "<group>";
		};
		12D7C8FE1BB5DA790034F5B0 /* Supporting Files */ = {
			isa = PBXGroup;
			children = (
				12D7C8FF1BB5DA790034F5B0 /* Info.plist */,
			);
			name = "Supporting Files";
			sourceTree = "<group>";
		};
		12D7C9131BB5DA7A0034F5B0 /* lab3-407Tests */ = {
			isa = PBXGroup;
			children = (
				12D7C9161BB5DA7A0034F5B0 /* lab3_407Tests.swift */,
				12D7C9141BB5DA7A0034F5B0 /* Supporting Files */,
			);
			path = "lab3-407Tests";
			sourceTree = "<group>";
		};
		12D7C9141BB5DA7A0034F5B0 /* Supporting Files */ = {
			isa = PBXGroup;
			children = (
				12D7C9151BB5DA7A0034F5B0 /* Info.plist */,
			);
			name = "Supporting Files";
			sourceTree = "<group>";
		};
/* End PBXGroup section */

/* Begin PBXNativeTarget section */
		12D7C8FA1BB5DA790034F5B0 /* lab3-407 */ = {
			isa = PBXNativeTarget;
			buildConfigurationList = 12D7C91A1BB5DA7A0034F5B0 /* Build configuration list for PBXNativeTarget "lab3-407" */;
			buildPhases = (
				12D7C8F71BB5DA790034F5B0 /* Sources */,
				12D7C8F81BB5DA790034F5B0 /* Frameworks */,
				12D7C8F91BB5DA790034F5B0 /* Resources */,
			);
			buildRules = (
			);
			dependencies = (
			);
			name = "lab3-407";
			productName = "lab3-407";
			productReference = 12D7C8FB1BB5DA790034F5B0 /* lab3-407.app */;
			productType = "com.apple.product-type.application";
		};
		12D7C90F1BB5DA7A0034F5B0 /* lab3-407Tests */ = {
			isa = PBXNativeTarget;
			buildConfigurationList = 12D7C91D1BB5DA7A0034F5B0 /* Build configuration list for PBXNativeTarget "lab3-407Tests" */;
			buildPhases = (
				12D7C90C1BB5DA7A0034F5B0 /* Sources */,
				12D7C90D1BB5DA7A0034F5B0 /* Frameworks */,
				12D7C90E1BB5DA7A0034F5B0 /* Resources */,
			);
			buildRules = (
			);
			dependencies = (
				12D7C9121BB5DA7A0034F5B0 /* PBXTargetDependency */,
			);
			name = "lab3-407Tests";
			productName = "lab3-407Tests";
			productReference = 12D7C9101BB5DA7A0034F5B0 /* lab3-407Tests.xctest */;
			productType = "com.apple.product-type.bundle.unit-test";
		};
/* End PBXNativeTarget section */

/* Begin PBXProject section */
		12D7C8F31BB5DA790034F5B0 /* Project object */ = {
			isa = PBXProject;
			attributes = {
				LastUpgradeCheck = 0630;
				ORGANIZATIONNAME = "Daniel Meyer";
				TargetAttributes = {
					12D7C8FA1BB5DA790034F5B0 = {
						CreatedOnToolsVersion = 6.3.2;
					};
					12D7C90F1BB5DA7A0034F5B0 = {
						CreatedOnToolsVersion = 6.3.2;
						TestTargetID = 12D7C8FA1BB5DA790034F5B0;
					};
				};
			};
			buildConfigurationList = 12D7C8F61BB5DA790034F5B0 /* Build configuration list for PBXProject "lab3-407" */;
			compatibilityVersion = "Xcode 3.2";
			developmentRegion = English;
			hasScannedForEncodings = 0;
			knownRegions = (
				en,
				Base,
			);
			mainGroup = 12D7C8F21BB5DA790034F5B0;
			productRefGroup = 12D7C8FC1BB5DA790034F5B0 /* Products */;
			projectDirPath = "";
			projectRoot = "";
			targets = (
				12D7C8FA1BB5DA790034F5B0 /* lab3-407 */,
				12D7C90F1BB5DA7A0034F5B0 /* lab3-407Tests */,
			);
		};
/* End PBXProject section */

/* Begin PBXResourcesBuildPhase section */
		12D7C8F91BB5DA790034F5B0 /* Resources */ = {
			isa = PBXResourcesBuildPhase;
			buildActionMask = 2147483647;
			files = (
				12D7C9061BB5DA7A0034F5B0 /* Main.storyboard in Resources */,
				12D7C90B1BB5DA7A0034F5B0 /* LaunchScreen.xib in Resources */,
				12D7C9081BB5DA7A0034F5B0 /* Images.xcassets in Resources */,
			);
			runOnlyForDeploymentPostprocessing = 0;
		};
		12D7C90E1BB5DA7A0034F5B0 /* Resources */ = {
			isa = PBXResourcesBuildPhase;
			buildActionMask = 2147483647;
			files = (
			);
			runOnlyForDeploymentPostprocessing = 0;
		};
/* End PBXResourcesBuildPhase section */

/* Begin PBXSourcesBuildPhase section */
		12D7C8F71BB5DA790034F5B0 /* Sources */ = {
			isa = PBXSourcesBuildPhase;
			buildActionMask = 2147483647;
			files = (
				12D7C9031BB5DA790034F5B0 /* ViewController.swift in Sources */,
				12D7C9011BB5DA790034F5B0 /* AppDelegate.swift in Sources */,
			);
			runOnlyForDeploymentPostprocessing = 0;
		};
		12D7C90C1BB5DA7A0034F5B0 /* Sources */ = {
			isa = PBXSourcesBuildPhase;
			buildActionMask = 2147483647;
			files = (
				12D7C9171BB5DA7A0034F5B0 /* lab3_407Tests.swift in Sources */,
			);
			runOnlyForDeploymentPostprocessing = 0;
		};
/* End PBXSourcesBuildPhase section */

/* Begin PBXTargetDependency section */
		12D7C9121BB5DA7A0034F5B0 /* PBXTargetDependency */ = {
			isa = PBXTargetDependency;
			target = 12D7C8FA1BB5DA790034F5B0 /* lab3-407 */;
			targetProxy = 12D7C9111BB5DA7A0034F5B0 /* PBXContainerItemProxy */;
		};
/* End PBXTargetDependency section */

/* Begin PBXVariantGroup section */
		12D7C9041BB5DA7A0034F5B0 /* Main.storyboard */ = {
			isa = PBXVariantGroup;
			children = (
				12D7C9051BB5DA7A0034F5B0 /* Base */,
			);
			name = Main.storyboard;
			sourceTree = "<group>";
		};
		12D7C9091BB5DA7A0034F5B0 /* LaunchScreen.xib */ = {
			isa = PBXVariantGroup;
			children = (
				12D7C90A1BB5DA7A0034F5B0 /* Base */,
			);
			name = LaunchScreen.xib;
			sourceTree = "<group>";
		};
/* End PBXVariantGroup section */

/* Begin XCBuildConfiguration section */
		12D7C9181BB5DA7A0034F5B0 /* Debug */ = {
			isa = XCBuildConfiguration;
			buildSettings = {
				ALWAYS_SEARCH_USER_PATHS = NO;
				CLANG_CXX_LANGUAGE_STANDARD = "gnu++0x";
				CLANG_CXX_LIBRARY = "libc++";
				CLANG_ENABLE_MODULES = YES;
				CLANG_ENABLE_OBJC_ARC = YES;
				CLANG_WARN_BOOL_CONVERSION = YES;
				CLANG_WARN_CONSTANT_CONVERSION = YES;
				CLANG_WARN_DIRECT_OBJC_ISA_USAGE = YES_ERROR;
				CLANG_WARN_EMPTY_BODY = YES;
				CLANG_WARN_ENUM_CONVERSION = YES;
				CLANG_WARN_INT_CONVERSION = YES;
				CLANG_WARN_OBJC_ROOT_CLASS = YES_ERROR;
				CLANG_WARN_UNREACHABLE_CODE = YES;
				CLANG_WARN__DUPLICATE_METHOD_MATCH = YES;
				"CODE_SIGN_IDENTITY[sdk=iphoneos*]" = "iPhone Developer";
				COPY_PHASE_STRIP = NO;
				DEBUG_INFORMATION_FORMAT = "dwarf-with-dsym";
				ENABLE_STRICT_OBJC_MSGSEND = YES;
				GCC_C_LANGUAGE_STANDARD = gnu99;
				GCC_DYNAMIC_NO_PIC = NO;
				GCC_NO_COMMON_BLOCKS = YES;
				GCC_OPTIMIZATION_LEVEL = 0;
				GCC_PREPROCESSOR_DEFINITIONS = (
					"DEBUG=1",
					"$(inherited)",
				);
				GCC_SYMBOLS_PRIVATE_EXTERN = NO;
				GCC_WARN_64_TO_32_BIT_CONVERSION = YES;
				GCC_WARN_ABOUT_RETURN_TYPE = YES_ERROR;
				GCC_WARN_UNDECLARED_SELECTOR = YES;
				GCC_WARN_UNINITIALIZED_AUTOS = YES_AGGRESSIVE;
				GCC_WARN_UNUSED_FUNCTION = YES;
				GCC_WARN_UNUSED_VARIABLE = YES;
				IPHONEOS_DEPLOYMENT_TARGET = 8.3;
				MTL_ENABLE_DEBUG_INFO = YES;
				ONLY_ACTIVE_ARCH = YES;
				SDKROOT = iphoneos;
				SWIFT_OPTIMIZATION_LEVEL = "-Onone";
			};
			name = Debug;
		};
		12D7C9191BB5DA7A0034F5B0 /* Release */ = {
			isa = XCBuildConfiguration;
			buildSettings = {
				ALWAYS_SEARCH_USER_PATHS = NO;
				CLANG_CXX_LANGUAGE_STANDARD = "gnu++0x";
				CLANG_CXX_LIBRARY = "libc++";
				CLANG_ENABLE_MODULES = YES;
				CLANG_ENABLE_OBJC_ARC = YES;
				CLANG_WARN_BOOL_CONVERSION = YES;
				CLANG_WARN_CONSTANT_CONVERSION = YES;
				CLANG_WARN_DIRECT_OBJC_ISA_USAGE = YES_ERROR;
				CLANG_WARN_EMPTY_BODY = YES;
				CLANG_WARN_ENUM_CONVERSION = YES;
				CLANG_WARN_INT_CONVERSION = YES;
				CLANG_WARN_OBJC_ROOT_CLASS = YES_ERROR;
				CLANG_WARN_UNREACHABLE_CODE = YES;
				CLANG_WARN__DUPLICATE_METHOD_MATCH = YES;
				"CODE_SIGN_IDENTITY[sdk=iphoneos*]" = "iPhone Developer";
				COPY_PHASE_STRIP = NO;
				DEBUG_INFORMATION_FORMAT = "dwarf-with-dsym";
				ENABLE_NS_ASSERTIONS = NO;
				ENABLE_STRICT_OBJC_MSGSEND = YES;
				GCC_C_LANGUAGE_STANDARD = gnu99;
				GCC_NO_COMMON_BLOCKS = YES;
				GCC_WARN_64_TO_32_BIT_CONVERSION = YES;
				GCC_WARN_ABOUT_RETURN_TYPE = YES_ERROR;
				GCC_WARN_UNDECLARED_SELECTOR = YES;
				GCC_WARN_UNINITIALIZED_AUTOS = YES_AGGRESSIVE;
				GCC_WARN_UNUSED_FUNCTION = YES;
				GCC_WARN_UNUSED_VARIABLE = YES;
				IPHONEOS_DEPLOYMENT_TARGET = 8.3;
				MTL_ENABLE_DEBUG_INFO = NO;
				SDKROOT = iphoneos;
				VALIDATE_PRODUCT = YES;
			};
			name = Release;
		};
		12D7C91B1BB5DA7A0034F5B0 /* Debug */ = {
			isa = XCBuildConfiguration;
			buildSettings = {
				ASSETCATALOG_COMPILER_APPICON_NAME = AppIcon;
				INFOPLIST_FILE = "lab3-407/Info.plist";
				LD_RUNPATH_SEARCH_PATHS = "$(inherited) @executable_path/Frameworks";
				PRODUCT_NAME = "$(TARGET_NAME)";
			};
			name = Debug;
		};
		12D7C91C1BB5DA7A0034F5B0 /* Release */ = {
			isa = XCBuildConfiguration;
			buildSettings = {
				ASSETCATALOG_COMPILER_APPICON_NAME = AppIcon;
				INFOPLIST_FILE = "lab3-407/Info.plist";
				LD_RUNPATH_SEARCH_PATHS = "$(inherited) @executable_path/Frameworks";
				PRODUCT_NAME = "$(TARGET_NAME)";
			};
			name = Release;
		};
		12D7C91E1BB5DA7A0034F5B0 /* Debug */ = {
			isa = XCBuildConfiguration;
			buildSettings = {
				BUNDLE_LOADER = "$(TEST_HOST)";
				FRAMEWORK_SEARCH_PATHS = (
					"$(SDKROOT)/Developer/Library/Frameworks",
					"$(inherited)",
				);
				GCC_PREPROCESSOR_DEFINITIONS = (
					"DEBUG=1",
					"$(inherited)",
				);
				INFOPLIST_FILE = "lab3-407Tests/Info.plist";
				LD_RUNPATH_SEARCH_PATHS = "$(inherited) @executable_path/Frameworks @loader_path/Frameworks";
				PRODUCT_NAME = "$(TARGET_NAME)";
				TEST_HOST = "$(BUILT_PRODUCTS_DIR)/lab3-407.app/lab3-407";
			};
			name = Debug;
		};
		12D7C91F1BB5DA7A0034F5B0 /* Release */ = {
			isa = XCBuildConfiguration;
			buildSettings = {
				BUNDLE_LOADER = "$(TEST_HOST)";
				FRAMEWORK_SEARCH_PATHS = (
					"$(SDKROOT)/Developer/Library/Frameworks",
					"$(inherited)",
				);
				INFOPLIST_FILE = "lab3-407Tests/Info.plist";
				LD_RUNPATH_SEARCH_PATHS = "$(inherited) @executable_path/Frameworks @loader_path/Frameworks";
				PRODUCT_NAME = "$(TARGET_NAME)";
				TEST_HOST = "$(BUILT_PRODUCTS_DIR)/lab3-407.app/lab3-407";
			};
			name = Release;
		};
/* End XCBuildConfiguration section */

/* Begin XCConfigurationList section */
		12D7C8F61BB5DA790034F5B0 /* Build configuration list for PBXProject "lab3-407" */ = {
			isa = XCConfigurationList;
			buildConfigurations = (
				12D7C9181BB5DA7A0034F5B0 /* Debug */,
				12D7C9191BB5DA7A0034F5B0 /* Release */,
			);
			defaultConfigurationIsVisible = 0;
			defaultConfigurationName = Release;
		};
		12D7C91A1BB5DA7A0034F5B0 /* Build configuration list for PBXNativeTarget "lab3-407" */ = {
			isa = XCConfigurationList;
			buildConfigurations = (
				12D7C91B1BB5DA7A0034F5B0 /* Debug */,
				12D7C91C1BB5DA7A0034F5B0 /* Release */,
			);
			defaultConfigurationIsVisible = 0;
		};
		12D7C91D1BB5DA7A0034F5B0 /* Build configuration list for PBXNativeTarget "lab3-407Tests" */ = {
			isa = XCConfigurationList;
			buildConfigurations = (
				12D7C91E1BB5DA7A0034F5B0 /* Debug */,
				12D7C91F1BB5DA7A0034F5B0 /* Release */,
			);
			defaultConfigurationIsVisible = 0;
		};
/* End XCConfigurationList section */
	};
	rootObject = 12D7C8F31BB5DA790034F5B0 /* Project object */;
}
